{
  "requires": true,
  "lockfileVersion": 1,
  "dependencies": {
    "json-beautify": {
      "version": "1.1.0",
      "resolved": "https://registry.npmjs.org/json-beautify/-/json-beautify-1.1.0.tgz",
      "integrity": "sha512-Y8lEcqhyJKRq2IhYBGtRIQO7EgOlyeSCYXnQCzAnGO5DhCBzMBEZ90PTw620NwpfQccJ/sj4+bU+r4GBI0b2Lw=="
    }
  }
}
